github.com/deer7777/TestAPI v2.0.0+incompatible/go.mod h1:FquQx/+3vSHfXMTBf2H3TULofoeqQL+TN+HyAvpY95Q=
github.com/deer7777/TestAPI v2.0.1+incompatible h1:xVGk05qNN1IzSMeapeTW5oum5n1ZCZOh2Y97CJSpFhQ=
github.com/deer7777/TestAPI v2.0.1+incompatible/go.mod h1:FquQx/+3vSHfXMTBf2H3TULofoeqQL+TN+HyAvpY95Q=
